
Microsoft Visual Studio Solution File, Format Version 11.00
# Visual Studio 2010
Project("{FAE04EC0-301F-11D3-BF4B-00C04F79EFBC}") = "NLog.Targets.FireDotNet", "NLog.Targets.FireDotNet\NLog.Targets.FireDotNet.csproj", "{61DECC86-CCA6-4F74-8A01-8DBD2E8AA7E2}"
EndProject
Project("{FAE04EC0-301F-11D3-BF4B-00C04F79EFBC}") = "FireDotNetExampleSite", "FireDotNetExampleSite\FireDotNetExampleSite.csproj", "{1731F826-C58E-40EE-8DB3-486A6B96BE29}"
EndProject
Global
	GlobalSection(SolutionConfigurationPlatforms) = preSolution
		Debug|Any CPU = Debug|Any CPU
		Release|Any CPU = Release|Any CPU
	EndGlobalSection
	GlobalSection(ProjectConfigurationPlatforms) = postSolution
		{61DECC86-CCA6-4F74-8A01-8DBD2E8AA7E2}.Debug|Any CPU.ActiveCfg = Debug|Any CPU
		{61DECC86-CCA6-4F74-8A01-8DBD2E8AA7E2}.Debug|Any CPU.Build.0 = Debug|Any CPU
		{61DECC86-CCA6-4F74-8A01-8DBD2E8AA7E2}.Release|Any CPU.ActiveCfg = Release|Any CPU
		{61DECC86-CCA6-4F74-8A01-8DBD2E8AA7E2}.Release|Any CPU.Build.0 = Release|Any CPU
		{1731F826-C58E-40EE-8DB3-486A6B96BE29}.Debug|Any CPU.ActiveCfg = Debug|Any CPU
		{1731F826-C58E-40EE-8DB3-486A6B96BE29}.Debug|Any CPU.Build.0 = Debug|Any CPU
		{1731F826-C58E-40EE-8DB3-486A6B96BE29}.Release|Any CPU.ActiveCfg = Release|Any CPU
		{1731F826-C58E-40EE-8DB3-486A6B96BE29}.Release|Any CPU.Build.0 = Release|Any CPU
	EndGlobalSection
	GlobalSection(SolutionProperties) = preSolution
		HideSolutionNode = FALSE
	EndGlobalSection
EndGlobal
